
Microsoft Visual Studio Solution File, Format Version 12.00
# Visual Studio Version 17
VisualStudioVersion = 17.4.32804.182
MinimumVisualStudioVersion = 10.0.40219.1
Project("{9A19103F-16F7-4668-BE54-9A1E7A4F7556}") = "JsonFilesPacksExample", "JsonFilesPacksExample.csproj", "{F2FD0C82-032D-461A-B521-FAB0A7EA996A}"
EndProject
Project("{9A19103F-16F7-4668-BE54-9A1E7A4F7556}") = "DataPacksLoader", "..\src\DataPacksLoader.csproj", "{0B4388AE-B39C-4811-9E66-0A162C79DF7F}"
EndProject
Global
	GlobalSection(SolutionConfigurationPlatforms) = preSolution
		Debug|Any CPU = Debug|Any CPU
		Release|Any CPU = Release|Any CPU
	EndGlobalSection
	GlobalSection(ProjectConfigurationPlatforms) = postSolution
		{F2FD0C82-032D-461A-B521-FAB0A7EA996A}.Debug|Any CPU.ActiveCfg = Debug|Any CPU
		{F2FD0C82-032D-461A-B521-FAB0A7EA996A}.Debug|Any CPU.Build.0 = Debug|Any CPU
		{F2FD0C82-032D-461A-B521-FAB0A7EA996A}.Release|Any CPU.ActiveCfg = Release|Any CPU
		{F2FD0C82-032D-461A-B521-FAB0A7EA996A}.Release|Any CPU.Build.0 = Release|Any CPU
		{0B4388AE-B39C-4811-9E66-0A162C79DF7F}.Debug|Any CPU.ActiveCfg = Debug|Any CPU
		{0B4388AE-B39C-4811-9E66-0A162C79DF7F}.Debug|Any CPU.Build.0 = Debug|Any CPU
		{0B4388AE-B39C-4811-9E66-0A162C79DF7F}.Release|Any CPU.ActiveCfg = Release|Any CPU
		{0B4388AE-B39C-4811-9E66-0A162C79DF7F}.Release|Any CPU.Build.0 = Release|Any CPU
	EndGlobalSection
	GlobalSection(SolutionProperties) = preSolution
		HideSolutionNode = FALSE
	EndGlobalSection
	GlobalSection(ExtensibilityGlobals) = postSolution
		SolutionGuid = {DA03EED1-814A-4655-BAAB-75938DDC3735}
	EndGlobalSection
EndGlobal
